
Microsoft Visual Studio Solution File, Format Version 12.00
# Visual Studio Version 17
VisualStudioVersion = 17.14.37614.0 d17.14
MinimumVisualStudioVersion = 10.0.40219.1
Project("{FAE04EC0-301F-11D3-BF4B-00C04F79EFBC}") = "WinFormsApp2", "WinFormsApp2.csproj", "{DAA13AF3-2F24-49F2-986F-A4F21EB996FA}"
EndProject
Global
	GlobalSection(SolutionConfigurationPlatforms) = preSolution
		Debug|Any CPU = Debug|Any CPU
		Release|Any CPU = Release|Any CPU
	EndGlobalSection
	GlobalSection(ProjectConfigurationPlatforms) = postSolution
		{DAA13AF3-2F24-49F2-986F-A4F21EB996FA}.Debug|Any CPU.ActiveCfg = Debug|Any CPU
		{DAA13AF3-2F24-49F2-986F-A4F21EB996FA}.Debug|Any CPU.Build.0 = Debug|Any CPU
		{DAA13AF3-2F24-49F2-986F-A4F21EB996FA}.Release|Any CPU.ActiveCfg = Release|Any CPU
		{DAA13AF3-2F24-49F2-986F-A4F21EB996FA}.Release|Any CPU.Build.0 = Release|Any CPU
	EndGlobalSection
	GlobalSection(SolutionProperties) = preSolution
		HideSolutionNode = FALSE
	EndGlobalSection
	GlobalSection(ExtensibilityGlobals) = postSolution
		SolutionGuid = {6BC49B62-FDCF-43FB-B07C-0C1A3A4E3534}
	EndGlobalSection
EndGlobal
